
Microsoft Visual Studio Solution File, Format Version 12.00
# Visual Studio Version 17
VisualStudioVersion = 17.9.34902.65
MinimumVisualStudioVersion = 10.0.40219.1
Project("{FAE04EC0-301F-11D3-BF4B-00C04F79EFBC}") = "DevintaPaskaita", "DevintaPaskaita\DevintaPaskaita.csproj", "{3A4D23A4-0DC8-4E1D-B17A-30871E6D66EA}"
EndProject
Project("{FAE04EC0-301F-11D3-BF4B-00C04F79EFBC}") = "KelioniuAgentura", "02Uzduotis\KelioniuAgentura.csproj", "{0877CD9A-40CC-48EA-BF52-3274CDC74E89}"
EndProject
Project("{FAE04EC0-301F-11D3-BF4B-00C04F79EFBC}") = "Gyvunai", "Gyvunai\Gyvunai.csproj", "{878E2D6B-D4ED-45B8-8CAF-7D3C695DF55C}"
EndProject
Global
	GlobalSection(SolutionConfigurationPlatforms) = preSolution
		Debug|Any CPU = Debug|Any CPU
		Release|Any CPU = Release|Any CPU
	EndGlobalSection
	GlobalSection(ProjectConfigurationPlatforms) = postSolution
		{3A4D23A4-0DC8-4E1D-B17A-30871E6D66EA}.Debug|Any CPU.ActiveCfg = Debug|Any CPU
		{3A4D23A4-0DC8-4E1D-B17A-30871E6D66EA}.Debug|Any CPU.Build.0 = Debug|Any CPU
		{3A4D23A4-0DC8-4E1D-B17A-30871E6D66EA}.Release|Any CPU.ActiveCfg = Release|Any CPU
		{3A4D23A4-0DC8-4E1D-B17A-30871E6D66EA}.Release|Any CPU.Build.0 = Release|Any CPU
		{0877CD9A-40CC-48EA-BF52-3274CDC74E89}.Debug|Any CPU.ActiveCfg = Debug|Any CPU
		{0877CD9A-40CC-48EA-BF52-3274CDC74E89}.Debug|Any CPU.Build.0 = Debug|Any CPU
		{0877CD9A-40CC-48EA-BF52-3274CDC74E89}.Release|Any CPU.ActiveCfg = Release|Any CPU
		{0877CD9A-40CC-48EA-BF52-3274CDC74E89}.Release|Any CPU.Build.0 = Release|Any CPU
		{878E2D6B-D4ED-45B8-8CAF-7D3C695DF55C}.Debug|Any CPU.ActiveCfg = Debug|Any CPU
		{878E2D6B-D4ED-45B8-8CAF-7D3C695DF55C}.Debug|Any CPU.Build.0 = Debug|Any CPU
		{878E2D6B-D4ED-45B8-8CAF-7D3C695DF55C}.Release|Any CPU.ActiveCfg = Release|Any CPU
		{878E2D6B-D4ED-45B8-8CAF-7D3C695DF55C}.Release|Any CPU.Build.0 = Release|Any CPU
	EndGlobalSection
	GlobalSection(SolutionProperties) = preSolution
		HideSolutionNode = FALSE
	EndGlobalSection
	GlobalSection(ExtensibilityGlobals) = postSolution
		SolutionGuid = {57603F6F-175F-4172-8FA0-8A907D5BDB6E}
	EndGlobalSection
EndGlobal
